
Microsoft Visual Studio Solution File, Format Version 12.00
# Visual Studio Version 17
VisualStudioVersion = 17.11.35327.3
MinimumVisualStudioVersion = 10.0.40219.1
Project("{FAE04EC0-301F-11D3-BF4B-00C04F79EFBC}") = "personapi-dotnet", "personapi-dotnet\personapi-dotnet.csproj", "{AFB0928D-1970-47A7-8F6F-45D1374603A0}"
EndProject
Global
	GlobalSection(SolutionConfigurationPlatforms) = preSolution
		Debug|Any CPU = Debug|Any CPU
		Release|Any CPU = Release|Any CPU
	EndGlobalSection
	GlobalSection(ProjectConfigurationPlatforms) = postSolution
		{AFB0928D-1970-47A7-8F6F-45D1374603A0}.Debug|Any CPU.ActiveCfg = Debug|Any CPU
		{AFB0928D-1970-47A7-8F6F-45D1374603A0}.Debug|Any CPU.Build.0 = Debug|Any CPU
		{AFB0928D-1970-47A7-8F6F-45D1374603A0}.Release|Any CPU.ActiveCfg = Release|Any CPU
		{AFB0928D-1970-47A7-8F6F-45D1374603A0}.Release|Any CPU.Build.0 = Release|Any CPU
	EndGlobalSection
	GlobalSection(SolutionProperties) = preSolution
		HideSolutionNode = FALSE
	EndGlobalSection
	GlobalSection(ExtensibilityGlobals) = postSolution
		SolutionGuid = {328288C1-AE91-4A87-A156-45F044993532}
	EndGlobalSection
EndGlobal
